// !$*UTF8*$!
{
	archiveVersion = 1;
	classes = {
	};
	objectVersion = 50;
	objects = {

/* Begin PBXBuildFile section */
		3F09E90821796A6C007143AB /* baseline_lock_black_48pt@2x.png in Resources */ = {isa = PBXBuildFile; fileRef = 3F09E8FF21796A6B007143AB /* baseline_lock_black_48pt@2x.png */; };
		3F09E90921796A6C007143AB /* baseline_account_circle_black_48pt.png in Resources */ = {isa = PBXBuildFile; fileRef = 3F09E90021796A6C007143AB /* baseline_account_circle_black_48pt.png */; };
		3F09E90A21796A6C007143AB /* baseline_attach_file_black_48pt@2x.png in Resources */ = {isa = PBXBuildFile; fileRef = 3F09E90121796A6C007143AB /* baseline_attach_file_black_48pt@2x.png */; };
		3F09E90B21796A6C007143AB /* baseline_attach_file_black_48pt.png in Resources */ = {isa = PBXBuildFile; fileRef = 3F09E90221796A6C007143AB /* baseline_attach_file_black_48pt.png */; };
		3F09E90C21796A6C007143AB /* baseline_lock_black_48pt@3x.png in Resources */ = {isa = PBXBuildFile; fileRef = 3F09E90321796A6C007143AB /* baseline_lock_black_48pt@3x.png */; };
		3F09E90D21796A6C007143AB /* baseline_lock_black_48pt.png in Resources */ = {isa = PBXBuildFile; fileRef = 3F09E90421796A6C007143AB /* baseline_lock_black_48pt.png */; };
		3F09E90E21796A6C007143AB /* baseline_attach_file_black_48pt@3x.png in Resources */ = {isa = PBXBuildFile; fileRef = 3F09E90521796A6C007143AB /* baseline_attach_file_black_48pt@3x.png */; };
		3F09E90F21796A6C007143AB /* baseline_account_circle_black_48pt@2x.png in Resources */ = {isa = PBXBuildFile; fileRef = 3F09E90621796A6C007143AB /* baseline_account_circle_black_48pt@2x.png */; };
		3F09E91021796A6C007143AB /* baseline_account_circle_black_48pt@3x.png in Resources */ = {isa = PBXBuildFile; fileRef = 3F09E90721796A6C007143AB /* baseline_account_circle_black_48pt@3x.png */; };
		3F09E91421796ACC007143AB /* baseline_insert_drive_file_black_48pt@3x.png in Resources */ = {isa = PBXBuildFile; fileRef = 3F09E91121796ACB007143AB /* baseline_insert_drive_file_black_48pt@3x.png */; };
		3F09E91521796ACC007143AB /* baseline_insert_drive_file_black_48pt.png in Resources */ = {isa = PBXBuildFile; fileRef = 3F09E91221796ACB007143AB /* baseline_insert_drive_file_black_48pt.png */; };
		3F09E91621796ACC007143AB /* baseline_insert_drive_file_black_48pt@2x.png in Resources */ = {isa = PBXBuildFile; fileRef = 3F09E91321796ACC007143AB /* baseline_insert_drive_file_black_48pt@2x.png */; };
		3F09E91A217975C7007143AB /* WhoToShareWithViewController.swift in Sources */ = {isa = PBXBuildFile; fileRef = 3F09E918217975C7007143AB /* WhoToShareWithViewController.swift */; };
		3F09E91B217975C7007143AB /* WhoToShareWithViewController.xib in Resources */ = {isa = PBXBuildFile; fileRef = 3F09E919217975C7007143AB /* WhoToShareWithViewController.xib */; };
		3F09E91D2179788F007143AB /* UINavigationController+InteractivePop.swift in Sources */ = {isa = PBXBuildFile; fileRef = 3F09E91C2179788F007143AB /* UINavigationController+InteractivePop.swift */; };
		3F53456A217D1D8A002AE884 /* APIError.swift in Sources */ = {isa = PBXBuildFile; fileRef = 3F534569217D1D8A002AE884 /* APIError.swift */; };
		3FA7D1312179E9FA00551490 /* LinkAPIClient.swift in Sources */ = {isa = PBXBuildFile; fileRef = 3FA7D1302179E9FA00551490 /* LinkAPIClient.swift */; };
		3FA7D1342179EAE100551490 /* Secret.swift in Sources */ = {isa = PBXBuildFile; fileRef = 3FA7D1332179EAE100551490 /* Secret.swift */; };
		3FA7D1392179F53600551490 /* GenerateLinkViewController.swift in Sources */ = {isa = PBXBuildFile; fileRef = 3FA7D1372179F53600551490 /* GenerateLinkViewController.swift */; };
		3FA7D13A2179F53600551490 /* GenerateLinkViewController.xib in Resources */ = {isa = PBXBuildFile; fileRef = 3FA7D1382179F53600551490 /* GenerateLinkViewController.xib */; };
		3FA7D13E217D01C700551490 /* baseline_lock_white_48pt@2x.png in Resources */ = {isa = PBXBuildFile; fileRef = 3FA7D13B217D01C700551490 /* baseline_lock_white_48pt@2x.png */; };
		3FA7D13F217D01C700551490 /* baseline_lock_white_48pt.png in Resources */ = {isa = PBXBuildFile; fileRef = 3FA7D13C217D01C700551490 /* baseline_lock_white_48pt.png */; };
		3FA7D140217D01C700551490 /* baseline_lock_white_48pt@3x.png in Resources */ = {isa = PBXBuildFile; fileRef = 3FA7D13D217D01C700551490 /* baseline_lock_white_48pt@3x.png */; };
		3FCE22712179161F007B070F /* AppDelegate.swift in Sources */ = {isa = PBXBuildFile; fileRef = 3FCE22702179161F007B070F /* AppDelegate.swift */; };
		3FCE22732179161F007B070F /* MainViewController.swift in Sources */ = {isa = PBXBuildFile; fileRef = 3FCE22722179161F007B070F /* MainViewController.swift */; };
		3FCE227821791621007B070F /* Assets.xcassets in Resources */ = {isa = PBXBuildFile; fileRef = 3FCE227721791621007B070F /* Assets.xcassets */; };
		3FCE227B21791621007B070F /* LaunchScreen.storyboard in Resources */ = {isa = PBXBuildFile; fileRef = 3FCE227921791621007B070F /* LaunchScreen.storyboard */; };
		3FCE228321791768007B070F /* MainViewController.xib in Resources */ = {isa = PBXBuildFile; fileRef = 3FCE228221791768007B070F /* MainViewController.xib */; };
		3FCE228621791BCA007B070F /* sharelockIcon.png in Resources */ = {isa = PBXBuildFile; fileRef = 3FCE228421791BCA007B070F /* sharelockIcon.png */; };
		3FCE228721791BCA007B070F /* appIcon.png in Resources */ = {isa = PBXBuildFile; fileRef = 3FCE228521791BCA007B070F /* appIcon.png */; };
		3FCE228B2179200D007B070F /* UIView+AnimateTo.swift in Sources */ = {isa = PBXBuildFile; fileRef = 3FCE228A2179200D007B070F /* UIView+AnimateTo.swift */; };
		DD9FA853384C8308EA3C76A9 /* Pods_sharelock.framework in Frameworks */ = {isa = PBXBuildFile; fileRef = D5B356C39F23F9F581008895 /* Pods_sharelock.framework */; };
/* End PBXBuildFile section */

/* Begin PBXFileReference section */
		3F09E8FF21796A6B007143AB /* baseline_lock_black_48pt@2x.png */ = {isa = PBXFileReference; lastKnownFileType = image.png; path = "baseline_lock_black_48pt@2x.png"; sourceTree = "<group>"; };
		3F09E90021796A6C007143AB /* baseline_account_circle_black_48pt.png */ = {isa = PBXFileReference; lastKnownFileType = image.png; path = baseline_account_circle_black_48pt.png; sourceTree = "<group>"; };
		3F09E90121796A6C007143AB /* baseline_attach_file_black_48pt@2x.png */ = {isa = PBXFileReference; lastKnownFileType = image.png; path = "baseline_attach_file_black_48pt@2x.png"; sourceTree = "<group>"; };
		3F09E90221796A6C007143AB /* baseline_attach_file_black_48pt.png */ = {isa = PBXFileReference; lastKnownFileType = image.png; path = baseline_attach_file_black_48pt.png; sourceTree = "<group>"; };
		3F09E90321796A6C007143AB /* baseline_lock_black_48pt@3x.png */ = {isa = PBXFileReference; lastKnownFileType = image.png; path = "baseline_lock_black_48pt@3x.png"; sourceTree = "<group>"; };
		3F09E90421796A6C007143AB /* baseline_lock_black_48pt.png */ = {isa = PBXFileReference; lastKnownFileType = image.png; path = baseline_lock_black_48pt.png; sourceTree = "<group>"; };
		3F09E90521796A6C007143AB /* baseline_attach_file_black_48pt@3x.png */ = {isa = PBXFileReference; lastKnownFileType = image.png; path = "baseline_attach_file_black_48pt@3x.png"; sourceTree = "<group>"; };
		3F09E90621796A6C007143AB /* baseline_account_circle_black_48pt@2x.png */ = {isa = PBXFileReference; lastKnownFileType = image.png; path = "baseline_account_circle_black_48pt@2x.png"; sourceTree = "<group>"; };
		3F09E90721796A6C007143AB /* baseline_account_circle_black_48pt@3x.png */ = {isa = PBXFileReference; lastKnownFileType = image.png; path = "baseline_account_circle_black_48pt@3x.png"; sourceTree = "<group>"; };
		3F09E91121796ACB007143AB /* baseline_insert_drive_file_black_48pt@3x.png */ = {isa = PBXFileReference; lastKnownFileType = image.png; path = "baseline_insert_drive_file_black_48pt@3x.png"; sourceTree = "<group>"; };
		3F09E91221796ACB007143AB /* baseline_insert_drive_file_black_48pt.png */ = {isa = PBXFileReference; lastKnownFileType = image.png; path = baseline_insert_drive_file_black_48pt.png; sourceTree = "<group>"; };
		3F09E91321796ACC007143AB /* baseline_insert_drive_file_black_48pt@2x.png */ = {isa = PBXFileReference; lastKnownFileType = image.png; path = "baseline_insert_drive_file_black_48pt@2x.png"; sourceTree = "<group>"; };
		3F09E918217975C7007143AB /* WhoToShareWithViewController.swift */ = {isa = PBXFileReference; lastKnownFileType = sourcecode.swift; path = WhoToShareWithViewController.swift; sourceTree = "<group>"; };
		3F09E919217975C7007143AB /* WhoToShareWithViewController.xib */ = {isa = PBXFileReference; lastKnownFileType = file.xib; path = WhoToShareWithViewController.xib; sourceTree = "<group>"; };
		3F09E91C2179788F007143AB /* UINavigationController+InteractivePop.swift */ = {isa = PBXFileReference; lastKnownFileType = sourcecode.swift; path = "UINavigationController+InteractivePop.swift"; sourceTree = "<group>"; };
		3F534569217D1D8A002AE884 /* APIError.swift */ = {isa = PBXFileReference; lastKnownFileType = sourcecode.swift; path = APIError.swift; sourceTree = "<group>"; };
		3FA7D1302179E9FA00551490 /* LinkAPIClient.swift */ = {isa = PBXFileReference; lastKnownFileType = sourcecode.swift; path = LinkAPIClient.swift; sourceTree = "<group>"; };
		3FA7D1332179EAE100551490 /* Secret.swift */ = {isa = PBXFileReference; lastKnownFileType = sourcecode.swift; path = Secret.swift; sourceTree = "<group>"; };
		3FA7D1372179F53600551490 /* GenerateLinkViewController.swift */ = {isa = PBXFileReference; lastKnownFileType = sourcecode.swift; path = GenerateLinkViewController.swift; sourceTree = "<group>"; };
		3FA7D1382179F53600551490 /* GenerateLinkViewController.xib */ = {isa = PBXFileReference; lastKnownFileType = file.xib; path = GenerateLinkViewController.xib; sourceTree = "<group>"; };
		3FA7D13B217D01C700551490 /* baseline_lock_white_48pt@2x.png */ = {isa = PBXFileReference; lastKnownFileType = image.png; path = "baseline_lock_white_48pt@2x.png"; sourceTree = "<group>"; };
		3FA7D13C217D01C700551490 /* baseline_lock_white_48pt.png */ = {isa = PBXFileReference; lastKnownFileType = image.png; path = baseline_lock_white_48pt.png; sourceTree = "<group>"; };
		3FA7D13D217D01C700551490 /* baseline_lock_white_48pt@3x.png */ = {isa = PBXFileReference; lastKnownFileType = image.png; path = "baseline_lock_white_48pt@3x.png"; sourceTree = "<group>"; };
		3FCE226D2179161F007B070F /* sharelock.app */ = {isa = PBXFileReference; explicitFileType = wrapper.application; includeInIndex = 0; path = sharelock.app; sourceTree = BUILT_PRODUCTS_DIR; };
		3FCE22702179161F007B070F /* AppDelegate.swift */ = {isa = PBXFileReference; lastKnownFileType = sourcecode.swift; path = AppDelegate.swift; sourceTree = "<group>"; };
		3FCE22722179161F007B070F /* MainViewController.swift */ = {isa = PBXFileReference; lastKnownFileType = sourcecode.swift; path = MainViewController.swift; sourceTree = "<group>"; };
		3FCE227721791621007B070F /* Assets.xcassets */ = {isa = PBXFileReference; lastKnownFileType = folder.assetcatalog; path = Assets.xcassets; sourceTree = "<group>"; };
		3FCE227A21791621007B070F /* Base */ = {isa = PBXFileReference; lastKnownFileType = file.storyboard; name = Base; path = Base.lproj/LaunchScreen.storyboard; sourceTree = "<group>"; };
		3FCE227C21791621007B070F /* Info.plist */ = {isa = PBXFileReference; lastKnownFileType = text.plist.xml; path = Info.plist; sourceTree = "<group>"; };
		3FCE228221791768007B070F /* MainViewController.xib */ = {isa = PBXFileReference; lastKnownFileType = file.xib; path = MainViewController.xib; sourceTree = "<group>"; };
		3FCE228421791BCA007B070F /* sharelockIcon.png */ = {isa = PBXFileReference; lastKnownFileType = image.png; name = sharelockIcon.png; path = sharelock/images/sharelockIcon.png; sourceTree = SOURCE_ROOT; };
		3FCE228521791BCA007B070F /* appIcon.png */ = {isa = PBXFileReference; lastKnownFileType = image.png; name = appIcon.png; path = sharelock/images/appIcon.png; sourceTree = SOURCE_ROOT; };
		3FCE228A2179200D007B070F /* UIView+AnimateTo.swift */ = {isa = PBXFileReference; lastKnownFileType = sourcecode.swift; path = "UIView+AnimateTo.swift"; sourceTree = "<group>"; };
		45E9A8AA230B75DADF1A94AC /* Pods-sharelock.release.xcconfig */ = {isa = PBXFileReference; includeInIndex = 1; lastKnownFileType = text.xcconfig; name = "Pods-sharelock.release.xcconfig"; path = "Pods/Target Support Files/Pods-sharelock/Pods-sharelock.release.xcconfig"; sourceTree = "<group>"; };
		85C980C9B68FDC851685ABB3 /* Pods-sharelock.debug.xcconfig */ = {isa = PBXFileReference; includeInIndex = 1; lastKnownFileType = text.xcconfig; name = "Pods-sharelock.debug.xcconfig"; path = "Pods/Target Support Files/Pods-sharelock/Pods-sharelock.debug.xcconfig"; sourceTree = "<group>"; };
		D5B356C39F23F9F581008895 /* Pods_sharelock.framework */ = {isa = PBXFileReference; explicitFileType = wrapper.framework; includeInIndex = 0; path = Pods_sharelock.framework; sourceTree = BUILT_PRODUCTS_DIR; };
/* End PBXFileReference section */

/* Begin PBXFrameworksBuildPhase section */
		3FCE226A2179161F007B070F /* Frameworks */ = {
			isa = PBXFrameworksBuildPhase;
			buildActionMask = 2147483647;
			files = (
				DD9FA853384C8308EA3C76A9 /* Pods_sharelock.framework in Frameworks */,
			);
			runOnlyForDeploymentPostprocessing = 0;
		};
/* End PBXFrameworksBuildPhase section */

/* Begin PBXGroup section */
		3F09E8FE217968EC007143AB /* material-icons */ = {
			isa = PBXGroup;
			children = (
				3F09E91221796ACB007143AB /* baseline_insert_drive_file_black_48pt.png */,
				3F09E91321796ACC007143AB /* baseline_insert_drive_file_black_48pt@2x.png */,
				3F09E91121796ACB007143AB /* baseline_insert_drive_file_black_48pt@3x.png */,
				3F09E90021796A6C007143AB /* baseline_account_circle_black_48pt.png */,
				3F09E90621796A6C007143AB /* baseline_account_circle_black_48pt@2x.png */,
				3F09E90721796A6C007143AB /* baseline_account_circle_black_48pt@3x.png */,
				3F09E90221796A6C007143AB /* baseline_attach_file_black_48pt.png */,
				3F09E90121796A6C007143AB /* baseline_attach_file_black_48pt@2x.png */,
				3F09E90521796A6C007143AB /* baseline_attach_file_black_48pt@3x.png */,
				3F09E90421796A6C007143AB /* baseline_lock_black_48pt.png */,
				3F09E8FF21796A6B007143AB /* baseline_lock_black_48pt@2x.png */,
				3F09E90321796A6C007143AB /* baseline_lock_black_48pt@3x.png */,
				3FA7D13C217D01C700551490 /* baseline_lock_white_48pt.png */,
				3FA7D13B217D01C700551490 /* baseline_lock_white_48pt@2x.png */,
				3FA7D13D217D01C700551490 /* baseline_lock_white_48pt@3x.png */,
			);
			path = "material-icons";
			sourceTree = "<group>";
		};
		3F09E91721797572007143AB /* view controllers */ = {
			isa = PBXGroup;
			children = (
				3FCE22722179161F007B070F /* MainViewController.swift */,
				3FCE228221791768007B070F /* MainViewController.xib */,
				3F09E918217975C7007143AB /* WhoToShareWithViewController.swift */,
				3F09E919217975C7007143AB /* WhoToShareWithViewController.xib */,
				3FA7D1372179F53600551490 /* GenerateLinkViewController.swift */,
				3FA7D1382179F53600551490 /* GenerateLinkViewController.xib */,
			);
			path = "view controllers";
			sourceTree = "<group>";
		};
		3FA7D12F2179E9EC00551490 /* api */ = {
			isa = PBXGroup;
			children = (
				3FA7D1302179E9FA00551490 /* LinkAPIClient.swift */,
				3F534569217D1D8A002AE884 /* APIError.swift */,
			);
			path = api;
			sourceTree = "<group>";
		};
		3FA7D1322179EAD300551490 /* model */ = {
			isa = PBXGroup;
			children = (
				3FA7D1332179EAE100551490 /* Secret.swift */,
			);
			path = model;
			sourceTree = "<group>";
		};
		3FCE22642179161F007B070F = {
			isa = PBXGroup;
			children = (
				3FCE226F2179161F007B070F /* sharelock */,
				3FCE226E2179161F007B070F /* Products */,
				8B5D52C67D933906F9178098 /* Pods */,
				E6585CCF1175B77E489E4C3F /* Frameworks */,
			);
			sourceTree = "<group>";
		};
		3FCE226E2179161F007B070F /* Products */ = {
			isa = PBXGroup;
			children = (
				3FCE226D2179161F007B070F /* sharelock.app */,
			);
			name = Products;
			sourceTree = "<group>";
		};
		3FCE226F2179161F007B070F /* sharelock */ = {
			isa = PBXGroup;
			children = (
				3FA7D1322179EAD300551490 /* model */,
				3FA7D12F2179E9EC00551490 /* api */,
				3F09E91721797572007143AB /* view controllers */,
				3F09E8FE217968EC007143AB /* material-icons */,
				3FCE228921791FFD007B070F /* extensions */,
				3FCE228821791BCD007B070F /* images */,
				3FCE22702179161F007B070F /* AppDelegate.swift */,
				3FCE227721791621007B070F /* Assets.xcassets */,
				3FCE227921791621007B070F /* LaunchScreen.storyboard */,
				3FCE227C21791621007B070F /* Info.plist */,
			);
			path = sharelock;
			sourceTree = "<group>";
		};
		3FCE228821791BCD007B070F /* images */ = {
			isa = PBXGroup;
			children = (
				3FCE228521791BCA007B070F /* appIcon.png */,
				3FCE228421791BCA007B070F /* sharelockIcon.png */,
			);
			path = images;
			sourceTree = "<group>";
		};
		3FCE228921791FFD007B070F /* extensions */ = {
			isa = PBXGroup;
			children = (
				3FCE228A2179200D007B070F /* UIView+AnimateTo.swift */,
				3F09E91C2179788F007143AB /* UINavigationController+InteractivePop.swift */,
			);
			path = extensions;
			sourceTree = "<group>";
		};
		8B5D52C67D933906F9178098 /* Pods */ = {
			isa = PBXGroup;
			children = (
				85C980C9B68FDC851685ABB3 /* Pods-sharelock.debug.xcconfig */,
				45E9A8AA230B75DADF1A94AC /* Pods-sharelock.release.xcconfig */,
			);
			name = Pods;
			sourceTree = "<group>";
		};
		E6585CCF1175B77E489E4C3F /* Frameworks */ = {
			isa = PBXGroup;
			children = (
				D5B356C39F23F9F581008895 /* Pods_sharelock.framework */,
			);
			name = Frameworks;
			sourceTree = "<group>";
		};
/* End PBXGroup section */

/* Begin PBXNativeTarget section */
		3FCE226C2179161F007B070F /* sharelock */ = {
			isa = PBXNativeTarget;
			buildConfigurationList = 3FCE227F21791621007B070F /* Build configuration list for PBXNativeTarget "sharelock" */;
			buildPhases = (
				16677A399E5BC09DF16E93EC /* [CP] Check Pods Manifest.lock */,
				3FCE22692179161F007B070F /* Sources */,
				3FCE226A2179161F007B070F /* Frameworks */,
				3FCE226B2179161F007B070F /* Resources */,
				11E248DEC35BAFDF09078CC8 /* [CP] Embed Pods Frameworks */,
				3F534568217D19EF002AE884 /* ShellScript */,
			);
			buildRules = (
			);
			dependencies = (
			);
			name = sharelock;
			productName = sharelock;
			productReference = 3FCE226D2179161F007B070F /* sharelock.app */;
			productType = "com.apple.product-type.application";
		};
/* End PBXNativeTarget section */

/* Begin PBXProject section */
		3FCE22652179161F007B070F /* Project object */ = {
			isa = PBXProject;
			attributes = {
				LastSwiftUpdateCheck = 1000;
				LastUpgradeCheck = 1000;
				ORGANIZATIONNAME = Auth0;
				TargetAttributes = {
					3FCE226C2179161F007B070F = {
						CreatedOnToolsVersion = 10.0;
					};
				};
			};
			buildConfigurationList = 3FCE22682179161F007B070F /* Build configuration list for PBXProject "sharelock" */;
			compatibilityVersion = "Xcode 9.3";
			developmentRegion = en;
			hasScannedForEncodings = 0;
			knownRegions = (
				en,
				Base,
			);
			mainGroup = 3FCE22642179161F007B070F;
			productRefGroup = 3FCE226E2179161F007B070F /* Products */;
			projectDirPath = "";
			projectRoot = "";
			targets = (
				3FCE226C2179161F007B070F /* sharelock */,
			);
		};
/* End PBXProject section */

/* Begin PBXResourcesBuildPhase section */
		3FCE226B2179161F007B070F /* Resources */ = {
			isa = PBXResourcesBuildPhase;
			buildActionMask = 2147483647;
			files = (
				3F09E91B217975C7007143AB /* WhoToShareWithViewController.xib in Resources */,
				3F09E90D21796A6C007143AB /* baseline_lock_black_48pt.png in Resources */,
				3F09E90B21796A6C007143AB /* baseline_attach_file_black_48pt.png in Resources */,
				3FA7D13F217D01C700551490 /* baseline_lock_white_48pt.png in Resources */,
				3F09E90921796A6C007143AB /* baseline_account_circle_black_48pt.png in Resources */,
				3F09E90821796A6C007143AB /* baseline_lock_black_48pt@2x.png in Resources */,
				3FA7D13A2179F53600551490 /* GenerateLinkViewController.xib in Resources */,
				3FA7D140217D01C700551490 /* baseline_lock_white_48pt@3x.png in Resources */,
				3F09E91021796A6C007143AB /* baseline_account_circle_black_48pt@3x.png in Resources */,
				3F09E90F21796A6C007143AB /* baseline_account_circle_black_48pt@2x.png in Resources */,
				3F09E91521796ACC007143AB /* baseline_insert_drive_file_black_48pt.png in Resources */,
				3F09E91621796ACC007143AB /* baseline_insert_drive_file_black_48pt@2x.png in Resources */,
				3FCE227B21791621007B070F /* LaunchScreen.storyboard in Resources */,
				3FCE228621791BCA007B070F /* sharelockIcon.png in Resources */,
				3F09E90A21796A6C007143AB /* baseline_attach_file_black_48pt@2x.png in Resources */,
				3FCE228321791768007B070F /* MainViewController.xib in Resources */,
				3FA7D13E217D01C700551490 /* baseline_lock_white_48pt@2x.png in Resources */,
				3FCE227821791621007B070F /* Assets.xcassets in Resources */,
				3F09E90E21796A6C007143AB /* baseline_attach_file_black_48pt@3x.png in Resources */,
				3FCE228721791BCA007B070F /* appIcon.png in Resources */,
				3F09E90C21796A6C007143AB /* baseline_lock_black_48pt@3x.png in Resources */,
				3F09E91421796ACC007143AB /* baseline_insert_drive_file_black_48pt@3x.png in Resources */,
			);
			runOnlyForDeploymentPostprocessing = 0;
		};
/* End PBXResourcesBuildPhase section */

/* Begin PBXShellScriptBuildPhase section */
		11E248DEC35BAFDF09078CC8 /* [CP] Embed Pods Frameworks */ = {
			isa = PBXShellScriptBuildPhase;
			buildActionMask = 2147483647;
			files = (
			);
			inputPaths = (
				"${SRCROOT}/Pods/Target Support Files/Pods-sharelock/Pods-sharelock-frameworks.sh",
				"${BUILT_PRODUCTS_DIR}/Alamofire/Alamofire.framework",
				"${BUILT_PRODUCTS_DIR}/WSTagsField/WSTagsField.framework",
			);
			name = "[CP] Embed Pods Frameworks";
			outputPaths = (
				"${TARGET_BUILD_DIR}/${FRAMEWORKS_FOLDER_PATH}/Alamofire.framework",
				"${TARGET_BUILD_DIR}/${FRAMEWORKS_FOLDER_PATH}/WSTagsField.framework",
			);
			runOnlyForDeploymentPostprocessing = 0;
			shellPath = /bin/sh;
			shellScript = "\"${SRCROOT}/Pods/Target Support Files/Pods-sharelock/Pods-sharelock-frameworks.sh\"\n";
			showEnvVarsInLog = 0;
		};
		16677A399E5BC09DF16E93EC /* [CP] Check Pods Manifest.lock */ = {
			isa = PBXShellScriptBuildPhase;
			buildActionMask = 2147483647;
			files = (
			);
			inputPaths = (
				"${PODS_PODFILE_DIR_PATH}/Podfile.lock",
				"${PODS_ROOT}/Manifest.lock",
			);
			name = "[CP] Check Pods Manifest.lock";
			outputPaths = (
				"$(DERIVED_FILE_DIR)/Pods-sharelock-checkManifestLockResult.txt",
			);
			runOnlyForDeploymentPostprocessing = 0;
			shellPath = /bin/sh;
			shellScript = "diff \"${PODS_PODFILE_DIR_PATH}/Podfile.lock\" \"${PODS_ROOT}/Manifest.lock\" > /dev/null\nif [ $? != 0 ] ; then\n    # print error to STDERR\n    echo \"error: The sandbox is not in sync with the Podfile.lock. Run 'pod install' or update your CocoaPods installation.\" >&2\n    exit 1\nfi\n# This output is used by Xcode 'outputs' to avoid re-running this script phase.\necho \"SUCCESS\" > \"${SCRIPT_OUTPUT_FILE_0}\"\n";
			showEnvVarsInLog = 0;
		};
		3F534568217D19EF002AE884 /* ShellScript */ = {
			isa = PBXShellScriptBuildPhase;
			buildActionMask = 2147483647;
			files = (
			);
			inputFileListPaths = (
			);
			inputPaths = (
			);
			outputFileListPaths = (
			);
			outputPaths = (
			);
			runOnlyForDeploymentPostprocessing = 0;
			shellPath = /bin/sh;
			shellScript = "\"${PODS_ROOT}/Fabric/run\" 36015763a728b0ef351b839e942613f0b8270169 d4b7fb9282c24a23258a6e65e9b39960abcc516e464b72c93dca4e4231ab8846\n";
		};
/* End PBXShellScriptBuildPhase section */

/* Begin PBXSourcesBuildPhase section */
		3FCE22692179161F007B070F /* Sources */ = {
			isa = PBXSourcesBuildPhase;
			buildActionMask = 2147483647;
			files = (
				3F09E91D2179788F007143AB /* UINavigationController+InteractivePop.swift in Sources */,
				3FA7D1342179EAE100551490 /* Secret.swift in Sources */,
				3FA7D1312179E9FA00551490 /* LinkAPIClient.swift in Sources */,
				3F09E91A217975C7007143AB /* WhoToShareWithViewController.swift in Sources */,
				3FCE22732179161F007B070F /* MainViewController.swift in Sources */,
				3FCE228B2179200D007B070F /* UIView+AnimateTo.swift in Sources */,
				3FA7D1392179F53600551490 /* GenerateLinkViewController.swift in Sources */,
				3FCE22712179161F007B070F /* AppDelegate.swift in Sources */,
				3F53456A217D1D8A002AE884 /* APIError.swift in Sources */,
			);
			runOnlyForDeploymentPostprocessing = 0;
		};
/* End PBXSourcesBuildPhase section */

/* Begin PBXVariantGroup section */
		3FCE227921791621007B070F /* LaunchScreen.storyboard */ = {
			isa = PBXVariantGroup;
			children = (
				3FCE227A21791621007B070F /* Base */,
			);
			name = LaunchScreen.storyboard;
			sourceTree = "<group>";
		};
/* End PBXVariantGroup section */

/* Begin XCBuildConfiguration section */
		3FCE227D21791621007B070F /* Debug */ = {
			isa = XCBuildConfiguration;
			buildSettings = {
				ALWAYS_SEARCH_USER_PATHS = NO;
				CLANG_ANALYZER_NONNULL = YES;
				CLANG_ANALYZER_NUMBER_OBJECT_CONVERSION = YES_AGGRESSIVE;
				CLANG_CXX_LANGUAGE_STANDARD = "gnu++14";
				CLANG_CXX_LIBRARY = "libc++";
				CLANG_ENABLE_MODULES = YES;
				CLANG_ENABLE_OBJC_ARC = YES;
				CLANG_ENABLE_OBJC_WEAK = YES;
				CLANG_WARN_BLOCK_CAPTURE_AUTORELEASING = YES;
				CLANG_WARN_BOOL_CONVERSION = YES;
				CLANG_WARN_COMMA = YES;
				CLANG_WARN_CONSTANT_CONVERSION = YES;
				CLANG_WARN_DEPRECATED_OBJC_IMPLEMENTATIONS = YES;
				CLANG_WARN_DIRECT_OBJC_ISA_USAGE = YES_ERROR;
				CLANG_WARN_DOCUMENTATION_COMMENTS = YES;
				CLANG_WARN_EMPTY_BODY = YES;
				CLANG_WARN_ENUM_CONVERSION = YES;
				CLANG_WARN_INFINITE_RECURSION = YES;
				CLANG_WARN_INT_CONVERSION = YES;
				CLANG_WARN_NON_LITERAL_NULL_CONVERSION = YES;
				CLANG_WARN_OBJC_IMPLICIT_RETAIN_SELF = YES;
				CLANG_WARN_OBJC_LITERAL_CONVERSION = YES;
				CLANG_WARN_OBJC_ROOT_CLASS = YES_ERROR;
				CLANG_WARN_RANGE_LOOP_ANALYSIS = YES;
				CLANG_WARN_STRICT_PROTOTYPES = YES;
				CLANG_WARN_SUSPICIOUS_MOVE = YES;
				CLANG_WARN_UNGUARDED_AVAILABILITY = YES_AGGRESSIVE;
				CLANG_WARN_UNREACHABLE_CODE = YES;
				CLANG_WARN__DUPLICATE_METHOD_MATCH = YES;
				CODE_SIGN_IDENTITY = "iPhone Developer";
				COPY_PHASE_STRIP = NO;
				DEBUG_INFORMATION_FORMAT = dwarf;
				ENABLE_STRICT_OBJC_MSGSEND = YES;
				ENABLE_TESTABILITY = YES;
				GCC_C_LANGUAGE_STANDARD = gnu11;
				GCC_DYNAMIC_NO_PIC = NO;
				GCC_NO_COMMON_BLOCKS = YES;
				GCC_OPTIMIZATION_LEVEL = 0;
				GCC_PREPROCESSOR_DEFINITIONS = (
					"DEBUG=1",
					"$(inherited)",
				);
				GCC_WARN_64_TO_32_BIT_CONVERSION = YES;
				GCC_WARN_ABOUT_RETURN_TYPE = YES_ERROR;
				GCC_WARN_UNDECLARED_SELECTOR = YES;
				GCC_WARN_UNINITIALIZED_AUTOS = YES_AGGRESSIVE;
				GCC_WARN_UNUSED_FUNCTION = YES;
				GCC_WARN_UNUSED_VARIABLE = YES;
				IPHONEOS_DEPLOYMENT_TARGET = 12.0;
				MTL_ENABLE_DEBUG_INFO = INCLUDE_SOURCE;
				MTL_FAST_MATH = YES;
				ONLY_ACTIVE_ARCH = YES;
				SDKROOT = iphoneos;
				SWIFT_ACTIVE_COMPILATION_CONDITIONS = DEBUG;
				SWIFT_OPTIMIZATION_LEVEL = "-Onone";
			};
			name = Debug;
		};
		3FCE227E21791621007B070F /* Release */ = {
			isa = XCBuildConfiguration;
			buildSettings = {
				ALWAYS_SEARCH_USER_PATHS = NO;
				CLANG_ANALYZER_NONNULL = YES;
				CLANG_ANALYZER_NUMBER_OBJECT_CONVERSION = YES_AGGRESSIVE;
				CLANG_CXX_LANGUAGE_STANDARD = "gnu++14";
				CLANG_CXX_LIBRARY = "libc++";
				CLANG_ENABLE_MODULES = YES;
				CLANG_ENABLE_OBJC_ARC = YES;
				CLANG_ENABLE_OBJC_WEAK = YES;
				CLANG_WARN_BLOCK_CAPTURE_AUTORELEASING = YES;
				CLANG_WARN_BOOL_CONVERSION = YES;
				CLANG_WARN_COMMA = YES;
				CLANG_WARN_CONSTANT_CONVERSION = YES;
				CLANG_WARN_DEPRECATED_OBJC_IMPLEMENTATIONS = YES;
				CLANG_WARN_DIRECT_OBJC_ISA_USAGE = YES_ERROR;
				CLANG_WARN_DOCUMENTATION_COMMENTS = YES;
				CLANG_WARN_EMPTY_BODY = YES;
				CLANG_WARN_ENUM_CONVERSION = YES;
				CLANG_WARN_INFINITE_RECURSION = YES;
				CLANG_WARN_INT_CONVERSION = YES;
				CLANG_WARN_NON_LITERAL_NULL_CONVERSION = YES;
				CLANG_WARN_OBJC_IMPLICIT_RETAIN_SELF = YES;
				CLANG_WARN_OBJC_LITERAL_CONVERSION = YES;
				CLANG_WARN_OBJC_ROOT_CLASS = YES_ERROR;
				CLANG_WARN_RANGE_LOOP_ANALYSIS = YES;
				CLANG_WARN_STRICT_PROTOTYPES = YES;
				CLANG_WARN_SUSPICIOUS_MOVE = YES;
				CLANG_WARN_UNGUARDED_AVAILABILITY = YES_AGGRESSIVE;
				CLANG_WARN_UNREACHABLE_CODE = YES;
				CLANG_WARN__DUPLICATE_METHOD_MATCH = YES;
				CODE_SIGN_IDENTITY = "iPhone Developer";
				COPY_PHASE_STRIP = NO;
				DEBUG_INFORMATION_FORMAT = "dwarf-with-dsym";
				ENABLE_NS_ASSERTIONS = NO;
				ENABLE_STRICT_OBJC_MSGSEND = YES;
				GCC_C_LANGUAGE_STANDARD = gnu11;
				GCC_NO_COMMON_BLOCKS = YES;
				GCC_WARN_64_TO_32_BIT_CONVERSION = YES;
				GCC_WARN_ABOUT_RETURN_TYPE = YES_ERROR;
				GCC_WARN_UNDECLARED_SELECTOR = YES;
				GCC_WARN_UNINITIALIZED_AUTOS = YES_AGGRESSIVE;
				GCC_WARN_UNUSED_FUNCTION = YES;
				GCC_WARN_UNUSED_VARIABLE = YES;
				IPHONEOS_DEPLOYMENT_TARGET = 12.0;
				MTL_ENABLE_DEBUG_INFO = NO;
				MTL_FAST_MATH = YES;
				SDKROOT = iphoneos;
				SWIFT_COMPILATION_MODE = wholemodule;
				SWIFT_OPTIMIZATION_LEVEL = "-O";
				VALIDATE_PRODUCT = YES;
			};
			name = Release;
		};
		3FCE228021791621007B070F /* Debug */ = {
			isa = XCBuildConfiguration;
			baseConfigurationReference = 85C980C9B68FDC851685ABB3 /* Pods-sharelock.debug.xcconfig */;
			buildSettings = {
				ASSETCATALOG_COMPILER_APPICON_NAME = AppIcon;
				CODE_SIGN_IDENTITY = "iPhone Distribution";
				CODE_SIGN_STYLE = Manual;
				DEVELOPMENT_TEAM = 2U378HJ7FG;
				INFOPLIST_FILE = sharelock/Info.plist;
				LD_RUNPATH_SEARCH_PATHS = (
					"$(inherited)",
					"@executable_path/Frameworks",
				);
				PRODUCT_BUNDLE_IDENTIFIER = ar.com.ezequielaceto.ios.apps.sharelock;
				PRODUCT_NAME = "$(TARGET_NAME)";
				PROVISIONING_PROFILE_SPECIFIER = "Sharelock AppStore";
				SWIFT_VERSION = 4.2;
				TARGETED_DEVICE_FAMILY = "1,2";
			};
			name = Debug;
		};
		3FCE228121791621007B070F /* Release */ = {
			isa = XCBuildConfiguration;
			baseConfigurationReference = 45E9A8AA230B75DADF1A94AC /* Pods-sharelock.release.xcconfig */;
			buildSettings = {
				ASSETCATALOG_COMPILER_APPICON_NAME = AppIcon;
				CODE_SIGN_IDENTITY = "iPhone Distribution";
				CODE_SIGN_STYLE = Manual;
				DEVELOPMENT_TEAM = 2U378HJ7FG;
				INFOPLIST_FILE = sharelock/Info.plist;
				LD_RUNPATH_SEARCH_PATHS = (
					"$(inherited)",
					"@executable_path/Frameworks",
				);
				PRODUCT_BUNDLE_IDENTIFIER = ar.com.ezequielaceto.ios.apps.sharelock;
				PRODUCT_NAME = "$(TARGET_NAME)";
				PROVISIONING_PROFILE_SPECIFIER = "Sharelock AppStore";
				SWIFT_VERSION = 4.2;
				TARGETED_DEVICE_FAMILY = "1,2";
			};
			name = Release;
		};
/* End XCBuildConfiguration section */

/* Begin XCConfigurationList section */
		3FCE22682179161F007B070F /* Build configuration list for PBXProject "sharelock" */ = {
			isa = XCConfigurationList;
			buildConfigurations = (
				3FCE227D21791621007B070F /* Debug */,
				3FCE227E21791621007B070F /* Release */,
			);
			defaultConfigurationIsVisible = 0;
			defaultConfigurationName = Release;
		};
		3FCE227F21791621007B070F /* Build configuration list for PBXNativeTarget "sharelock" */ = {
			isa = XCConfigurationList;
			buildConfigurations = (
				3FCE228021791621007B070F /* Debug */,
				3FCE228121791621007B070F /* Release */,
			);
			defaultConfigurationIsVisible = 0;
			defaultConfigurationName = Release;
		};
/* End XCConfigurationList section */
	};
	rootObject = 3FCE22652179161F007B070F /* Project object */;
}
